// !$*UTF8*$!
{
	archiveVersion = 1;
	classes = {
	};
	objectVersion = 50;
	objects = {

/* Begin PBXBuildFile section */
		6F2316182104E6E000829EA5 /* ARchitectureWithUITests.swift in Sources */ = {isa = PBXBuildFile; fileRef = 6F2316172104E6E000829EA5 /* ARchitectureWithUITests.swift */; };
		6F2316262104E6F400829EA5 /* ARchitectureWithUIUITests.swift in Sources */ = {isa = PBXBuildFile; fileRef = 6F2316252104E6F400829EA5 /* ARchitectureWithUIUITests.swift */; };
		6F7806062106798D001A9D5B /* ModelViewController.swift in Sources */ = {isa = PBXBuildFile; fileRef = 6F7806052106798D001A9D5B /* ModelViewController.swift */; };
		9200CAF020F276A3001FAE6F /* SettingViewController.swift in Sources */ = {isa = PBXBuildFile; fileRef = 9200CAEF20F276A3001FAE6F /* SettingViewController.swift */; };
		926695D220CEF3DE00CABFD8 /* art.scnassets in Resources */ = {isa = PBXBuildFile; fileRef = 926695D120CEF3DE00CABFD8 /* art.scnassets */; };
		92BFA76B20D750F8006FF48D /* Focus Square in Resources */ = {isa = PBXBuildFile; fileRef = 92BFA76A20D750F8006FF48D /* Focus Square */; };
		92E87AD020CEF1B800CBDF15 /* AppDelegate.swift in Sources */ = {isa = PBXBuildFile; fileRef = 92E87ACF20CEF1B800CBDF15 /* AppDelegate.swift */; };
		92E87AD220CEF1B800CBDF15 /* ViewController.swift in Sources */ = {isa = PBXBuildFile; fileRef = 92E87AD120CEF1B800CBDF15 /* ViewController.swift */; };
		92E87AD520CEF1B800CBDF15 /* Main.storyboard in Resources */ = {isa = PBXBuildFile; fileRef = 92E87AD320CEF1B800CBDF15 /* Main.storyboard */; };
		92E87AD720CEF1B900CBDF15 /* Assets.xcassets in Resources */ = {isa = PBXBuildFile; fileRef = 92E87AD620CEF1B900CBDF15 /* Assets.xcassets */; };
		92E87ADA20CEF1B900CBDF15 /* LaunchScreen.storyboard in Resources */ = {isa = PBXBuildFile; fileRef = 92E87AD820CEF1B900CBDF15 /* LaunchScreen.storyboard */; };
		92EBE14C20D5F13900D777EE /* TrackingStatusViewController.swift in Sources */ = {isa = PBXBuildFile; fileRef = 92EBE14B20D5F13900D777EE /* TrackingStatusViewController.swift */; };
/* End PBXBuildFile section */

/* Begin PBXContainerItemProxy section */
		6F23161A2104E6E000829EA5 /* PBXContainerItemProxy */ = {
			isa = PBXContainerItemProxy;
			containerPortal = 92E87AC420CEF1B800CBDF15 /* Project object */;
			proxyType = 1;
			remoteGlobalIDString = 92E87ACB20CEF1B800CBDF15;
			remoteInfo = ARchitectureWithUI;
		};
		6F2316282104E6F400829EA5 /* PBXContainerItemProxy */ = {
			isa = PBXContainerItemProxy;
			containerPortal = 92E87AC420CEF1B800CBDF15 /* Project object */;
			proxyType = 1;
			remoteGlobalIDString = 92E87ACB20CEF1B800CBDF15;
			remoteInfo = ARchitectureWithUI;
		};
/* End PBXContainerItemProxy section */

/* Begin PBXFileReference section */
		6F2316152104E6E000829EA5 /* ARchitectureWithUITests.xctest */ = {isa = PBXFileReference; explicitFileType = wrapper.cfbundle; includeInIndex = 0; path = ARchitectureWithUITests.xctest; sourceTree = BUILT_PRODUCTS_DIR; };
		6F2316172104E6E000829EA5 /* ARchitectureWithUITests.swift */ = {isa = PBXFileReference; lastKnownFileType = sourcecode.swift; path = ARchitectureWithUITests.swift; sourceTree = "<group>"; };
		6F2316192104E6E000829EA5 /* Info.plist */ = {isa = PBXFileReference; lastKnownFileType = text.plist.xml; path = Info.plist; sourceTree = "<group>"; };
		6F2316232104E6F400829EA5 /* ARchitectureWithUIUITests.xctest */ = {isa = PBXFileReference; explicitFileType = wrapper.cfbundle; includeInIndex = 0; path = ARchitectureWithUIUITests.xctest; sourceTree = BUILT_PRODUCTS_DIR; };
		6F2316252104E6F400829EA5 /* ARchitectureWithUIUITests.swift */ = {isa = PBXFileReference; lastKnownFileType = sourcecode.swift; path = ARchitectureWithUIUITests.swift; sourceTree = "<group>"; };
		6F2316272104E6F400829EA5 /* Info.plist */ = {isa = PBXFileReference; lastKnownFileType = text.plist.xml; path = Info.plist; sourceTree = "<group>"; };
		6F7806052106798D001A9D5B /* ModelViewController.swift */ = {isa = PBXFileReference; lastKnownFileType = sourcecode.swift; path = ModelViewController.swift; sourceTree = "<group>"; };
		9200CAEF20F276A3001FAE6F /* SettingViewController.swift */ = {isa = PBXFileReference; lastKnownFileType = sourcecode.swift; path = SettingViewController.swift; sourceTree = "<group>"; };
		926695D120CEF3DE00CABFD8 /* art.scnassets */ = {isa = PBXFileReference; lastKnownFileType = wrapper.scnassets; path = art.scnassets; sourceTree = "<group>"; };
		92BFA76A20D750F8006FF48D /* Focus Square */ = {isa = PBXFileReference; lastKnownFileType = folder; path = "Focus Square"; sourceTree = "<group>"; };
		92E87ACC20CEF1B800CBDF15 /* ARchitectureWithUI.app */ = {isa = PBXFileReference; explicitFileType = wrapper.application; includeInIndex = 0; path = ARchitectureWithUI.app; sourceTree = BUILT_PRODUCTS_DIR; };
		92E87ACF20CEF1B800CBDF15 /* AppDelegate.swift */ = {isa = PBXFileReference; lastKnownFileType = sourcecode.swift; path = AppDelegate.swift; sourceTree = "<group>"; };
		92E87AD120CEF1B800CBDF15 /* ViewController.swift */ = {isa = PBXFileReference; lastKnownFileType = sourcecode.swift; path = ViewController.swift; sourceTree = "<group>"; };
		92E87AD420CEF1B800CBDF15 /* Base */ = {isa = PBXFileReference; lastKnownFileType = file.storyboard; name = Base; path = Base.lproj/Main.storyboard; sourceTree = "<group>"; };
		92E87AD620CEF1B900CBDF15 /* Assets.xcassets */ = {isa = PBXFileReference; lastKnownFileType = folder.assetcatalog; path = Assets.xcassets; sourceTree = "<group>"; };
		92E87AD920CEF1B900CBDF15 /* Base */ = {isa = PBXFileReference; lastKnownFileType = file.storyboard; name = Base; path = Base.lproj/LaunchScreen.storyboard; sourceTree = "<group>"; };
		92E87ADB20CEF1B900CBDF15 /* Info.plist */ = {isa = PBXFileReference; lastKnownFileType = text.plist.xml; path = Info.plist; sourceTree = "<group>"; };
		92EBE14B20D5F13900D777EE /* TrackingStatusViewController.swift */ = {isa = PBXFileReference; lastKnownFileType = sourcecode.swift; path = TrackingStatusViewController.swift; sourceTree = "<group>"; };
/* End PBXFileReference section */

/* Begin PBXFrameworksBuildPhase section */
		6F2316122104E6E000829EA5 /* Frameworks */ = {
			isa = PBXFrameworksBuildPhase;
			buildActionMask = 2147483647;
			files = (
			);
			runOnlyForDeploymentPostprocessing = 0;
		};
		6F2316202104E6F400829EA5 /* Frameworks */ = {
			isa = PBXFrameworksBuildPhase;
			buildActionMask = 2147483647;
			files = (
			);
			runOnlyForDeploymentPostprocessing = 0;
		};
		92E87AC920CEF1B800CBDF15 /* Frameworks */ = {
			isa = PBXFrameworksBuildPhase;
			buildActionMask = 2147483647;
			files = (
			);
			runOnlyForDeploymentPostprocessing = 0;
		};
/* End PBXFrameworksBuildPhase section */

/* Begin PBXGroup section */
		6F2316162104E6E000829EA5 /* ARchitectureWithUITests */ = {
			isa = PBXGroup;
			children = (
				6F2316172104E6E000829EA5 /* ARchitectureWithUITests.swift */,
				6F2316192104E6E000829EA5 /* Info.plist */,
			);
			path = ARchitectureWithUITests;
			sourceTree = "<group>";
		};
		6F2316242104E6F400829EA5 /* ARchitectureWithUIUITests */ = {
			isa = PBXGroup;
			children = (
				6F2316252104E6F400829EA5 /* ARchitectureWithUIUITests.swift */,
				6F2316272104E6F400829EA5 /* Info.plist */,
			);
			path = ARchitectureWithUIUITests;
			sourceTree = "<group>";
		};
		926695D320CEF4FB00CABFD8 /* Resources */ = {
			isa = PBXGroup;
			children = (
				92E87AD620CEF1B900CBDF15 /* Assets.xcassets */,
			);
			path = Resources;
			sourceTree = "<group>";
		};
		92E87AC320CEF1B800CBDF15 = {
			isa = PBXGroup;
			children = (
				92E87ACE20CEF1B800CBDF15 /* ARchitectureWithUI */,
				6F2316162104E6E000829EA5 /* ARchitectureWithUITests */,
				6F2316242104E6F400829EA5 /* ARchitectureWithUIUITests */,
				92E87ACD20CEF1B800CBDF15 /* Products */,
			);
			sourceTree = "<group>";
		};
		92E87ACD20CEF1B800CBDF15 /* Products */ = {
			isa = PBXGroup;
			children = (
				92E87ACC20CEF1B800CBDF15 /* ARchitectureWithUI.app */,
				6F2316152104E6E000829EA5 /* ARchitectureWithUITests.xctest */,
				6F2316232104E6F400829EA5 /* ARchitectureWithUIUITests.xctest */,
			);
			name = Products;
			sourceTree = "<group>";
		};
		92E87ACE20CEF1B800CBDF15 /* ARchitectureWithUI */ = {
			isa = PBXGroup;
			children = (
				926695D320CEF4FB00CABFD8 /* Resources */,
				92E87ACF20CEF1B800CBDF15 /* AppDelegate.swift */,
				92E87AD120CEF1B800CBDF15 /* ViewController.swift */,
				9200CAEF20F276A3001FAE6F /* SettingViewController.swift */,
				6F7806052106798D001A9D5B /* ModelViewController.swift */,
				92EBE14B20D5F13900D777EE /* TrackingStatusViewController.swift */,
				92E87AD320CEF1B800CBDF15 /* Main.storyboard */,
				92E87AD820CEF1B900CBDF15 /* LaunchScreen.storyboard */,
				92E87ADB20CEF1B900CBDF15 /* Info.plist */,
				92BFA76A20D750F8006FF48D /* Focus Square */,
				926695D120CEF3DE00CABFD8 /* art.scnassets */,
			);
			path = ARchitectureWithUI;
			sourceTree = "<group>";
		};
/* End PBXGroup section */

/* Begin PBXNativeTarget section */
		6F2316142104E6E000829EA5 /* ARchitectureWithUITests */ = {
			isa = PBXNativeTarget;
			buildConfigurationList = 6F23161C2104E6E000829EA5 /* Build configuration list for PBXNativeTarget "ARchitectureWithUITests" */;
			buildPhases = (
				6F2316112104E6E000829EA5 /* Sources */,
				6F2316122104E6E000829EA5 /* Frameworks */,
				6F2316132104E6E000829EA5 /* Resources */,
			);
			buildRules = (
			);
			dependencies = (
				6F23161B2104E6E000829EA5 /* PBXTargetDependency */,
			);
			name = ARchitectureWithUITests;
			productName = ARchitectureWithUITests;
			productReference = 6F2316152104E6E000829EA5 /* ARchitectureWithUITests.xctest */;
			productType = "com.apple.product-type.bundle.unit-test";
		};
		6F2316222104E6F400829EA5 /* ARchitectureWithUIUITests */ = {
			isa = PBXNativeTarget;
			buildConfigurationList = 6F23162A2104E6F400829EA5 /* Build configuration list for PBXNativeTarget "ARchitectureWithUIUITests" */;
			buildPhases = (
				6F23161F2104E6F400829EA5 /* Sources */,
				6F2316202104E6F400829EA5 /* Frameworks */,
				6F2316212104E6F400829EA5 /* Resources */,
			);
			buildRules = (
			);
			dependencies = (
				6F2316292104E6F400829EA5 /* PBXTargetDependency */,
			);
			name = ARchitectureWithUIUITests;
			productName = ARchitectureWithUIUITests;
			productReference = 6F2316232104E6F400829EA5 /* ARchitectureWithUIUITests.xctest */;
			productType = "com.apple.product-type.bundle.ui-testing";
		};
		92E87ACB20CEF1B800CBDF15 /* ARchitectureWithUI */ = {
			isa = PBXNativeTarget;
			buildConfigurationList = 92E87ADE20CEF1B900CBDF15 /* Build configuration list for PBXNativeTarget "ARchitectureWithUI" */;
			buildPhases = (
				92E87AC820CEF1B800CBDF15 /* Sources */,
				92E87AC920CEF1B800CBDF15 /* Frameworks */,
				92E87ACA20CEF1B800CBDF15 /* Resources */,
			);
			buildRules = (
			);
			dependencies = (
			);
			name = ARchitectureWithUI;
			productName = ARchitectureWithUI;
			productReference = 92E87ACC20CEF1B800CBDF15 /* ARchitectureWithUI.app */;
			productType = "com.apple.product-type.application";
		};
/* End PBXNativeTarget section */

/* Begin PBXProject section */
		92E87AC420CEF1B800CBDF15 /* Project object */ = {
			isa = PBXProject;
			attributes = {
				LastSwiftUpdateCheck = 0940;
				LastUpgradeCheck = 0940;
				ORGANIZATIONNAME = "An Nguyen";
				TargetAttributes = {
					6F2316142104E6E000829EA5 = {
						CreatedOnToolsVersion = 9.4.1;
						TestTargetID = 92E87ACB20CEF1B800CBDF15;
					};
					6F2316222104E6F400829EA5 = {
						CreatedOnToolsVersion = 9.4.1;
						TestTargetID = 92E87ACB20CEF1B800CBDF15;
					};
					92E87ACB20CEF1B800CBDF15 = {
						CreatedOnToolsVersion = 9.4;
					};
				};
			};
			buildConfigurationList = 92E87AC720CEF1B800CBDF15 /* Build configuration list for PBXProject "ARchitectureWithUI" */;
			compatibilityVersion = "Xcode 9.3";
			developmentRegion = en;
			hasScannedForEncodings = 0;
			knownRegions = (
				en,
				Base,
			);
			mainGroup = 92E87AC320CEF1B800CBDF15;
			productRefGroup = 92E87ACD20CEF1B800CBDF15 /* Products */;
			projectDirPath = "";
			projectRoot = "";
			targets = (
				92E87ACB20CEF1B800CBDF15 /* ARchitectureWithUI */,
				6F2316142104E6E000829EA5 /* ARchitectureWithUITests */,
				6F2316222104E6F400829EA5 /* ARchitectureWithUIUITests */,
			);
		};
/* End PBXProject section */

/* Begin PBXResourcesBuildPhase section */
		6F2316132104E6E000829EA5 /* Resources */ = {
			isa = PBXResourcesBuildPhase;
			buildActionMask = 2147483647;
			files = (
			);
			runOnlyForDeploymentPostprocessing = 0;
		};
		6F2316212104E6F400829EA5 /* Resources */ = {
			isa = PBXResourcesBuildPhase;
			buildActionMask = 2147483647;
			files = (
			);
			runOnlyForDeploymentPostprocessing = 0;
		};
		92E87ACA20CEF1B800CBDF15 /* Resources */ = {
			isa = PBXResourcesBuildPhase;
			buildActionMask = 2147483647;
			files = (
				92E87ADA20CEF1B900CBDF15 /* LaunchScreen.storyboard in Resources */,
				926695D220CEF3DE00CABFD8 /* art.scnassets in Resources */,
				92E87AD720CEF1B900CBDF15 /* Assets.xcassets in Resources */,
				92BFA76B20D750F8006FF48D /* Focus Square in Resources */,
				92E87AD520CEF1B800CBDF15 /* Main.storyboard in Resources */,
			);
			runOnlyForDeploymentPostprocessing = 0;
		};
/* End PBXResourcesBuildPhase section */

/* Begin PBXSourcesBuildPhase section */
		6F2316112104E6E000829EA5 /* Sources */ = {
			isa = PBXSourcesBuildPhase;
			buildActionMask = 2147483647;
			files = (
				6F2316182104E6E000829EA5 /* ARchitectureWithUITests.swift in Sources */,
			);
			runOnlyForDeploymentPostprocessing = 0;
		};
		6F23161F2104E6F400829EA5 /* Sources */ = {
			isa = PBXSourcesBuildPhase;
			buildActionMask = 2147483647;
			files = (
				6F2316262104E6F400829EA5 /* ARchitectureWithUIUITests.swift in Sources */,
			);
			runOnlyForDeploymentPostprocessing = 0;
		};
		92E87AC820CEF1B800CBDF15 /* Sources */ = {
			isa = PBXSourcesBuildPhase;
			buildActionMask = 2147483647;
			files = (
				92E87AD220CEF1B800CBDF15 /* ViewController.swift in Sources */,
				92E87AD020CEF1B800CBDF15 /* AppDelegate.swift in Sources */,
				92EBE14C20D5F13900D777EE /* TrackingStatusViewController.swift in Sources */,
				6F7806062106798D001A9D5B /* ModelViewController.swift in Sources */,
				9200CAF020F276A3001FAE6F /* SettingViewController.swift in Sources */,
			);
			runOnlyForDeploymentPostprocessing = 0;
		};
/* End PBXSourcesBuildPhase section */

/* Begin PBXTargetDependency section */
		6F23161B2104E6E000829EA5 /* PBXTargetDependency */ = {
			isa = PBXTargetDependency;
			target = 92E87ACB20CEF1B800CBDF15 /* ARchitectureWithUI */;
			targetProxy = 6F23161A2104E6E000829EA5 /* PBXContainerItemProxy */;
		};
		6F2316292104E6F400829EA5 /* PBXTargetDependency */ = {
			isa = PBXTargetDependency;
			target = 92E87ACB20CEF1B800CBDF15 /* ARchitectureWithUI */;
			targetProxy = 6F2316282104E6F400829EA5 /* PBXContainerItemProxy */;
		};
/* End PBXTargetDependency section */

/* Begin PBXVariantGroup section */
		92E87AD320CEF1B800CBDF15 /* Main.storyboard */ = {
			isa = PBXVariantGroup;
			children = (
				92E87AD420CEF1B800CBDF15 /* Base */,
			);
			name = Main.storyboard;
			sourceTree = "<group>";
		};
		92E87AD820CEF1B900CBDF15 /* LaunchScreen.storyboard */ = {
			isa = PBXVariantGroup;
			children = (
				92E87AD920CEF1B900CBDF15 /* Base */,
			);
			name = LaunchScreen.storyboard;
			sourceTree = "<group>";
		};
/* End PBXVariantGroup section */

/* Begin XCBuildConfiguration section */
		6F23161D2104E6E000829EA5 /* Debug */ = {
			isa = XCBuildConfiguration;
			buildSettings = {
				BUNDLE_LOADER = "$(TEST_HOST)";
				CODE_SIGN_STYLE = Automatic;
				DEVELOPMENT_TEAM = S334JNRP3F;
				INFOPLIST_FILE = ARchitectureWithUITests/Info.plist;
				LD_RUNPATH_SEARCH_PATHS = (
					"$(inherited)",
					"@executable_path/Frameworks",
					"@loader_path/Frameworks",
				);
				PRODUCT_BUNDLE_IDENTIFIER = com.lampham.ARchitectureWithUITests;
				PRODUCT_NAME = "$(TARGET_NAME)";
				SWIFT_VERSION = 4.0;
				TARGETED_DEVICE_FAMILY = "1,2";
				TEST_HOST = "$(BUILT_PRODUCTS_DIR)/ARchitectureWithUI.app/ARchitectureWithUI";
			};
			name = Debug;
		};
		6F23161E2104E6E000829EA5 /* Release */ = {
			isa = XCBuildConfiguration;
			buildSettings = {
				BUNDLE_LOADER = "$(TEST_HOST)";
				CODE_SIGN_STYLE = Automatic;
				DEVELOPMENT_TEAM = S334JNRP3F;
				INFOPLIST_FILE = ARchitectureWithUITests/Info.plist;
				LD_RUNPATH_SEARCH_PATHS = (
					"$(inherited)",
					"@executable_path/Frameworks",
					"@loader_path/Frameworks",
				);
				PRODUCT_BUNDLE_IDENTIFIER = com.lampham.ARchitectureWithUITests;
				PRODUCT_NAME = "$(TARGET_NAME)";
				SWIFT_VERSION = 4.0;
				TARGETED_DEVICE_FAMILY = "1,2";
				TEST_HOST = "$(BUILT_PRODUCTS_DIR)/ARchitectureWithUI.app/ARchitectureWithUI";
			};
			name = Release;
		};
		6F23162B2104E6F400829EA5 /* Debug */ = {
			isa = XCBuildConfiguration;
			buildSettings = {
				CODE_SIGN_STYLE = Automatic;
				DEVELOPMENT_TEAM = S334JNRP3F;
				INFOPLIST_FILE = ARchitectureWithUIUITests/Info.plist;
				LD_RUNPATH_SEARCH_PATHS = (
					"$(inherited)",
					"@executable_path/Frameworks",
					"@loader_path/Frameworks",
				);
				PRODUCT_BUNDLE_IDENTIFIER = com.lampham.ARchitectureWithUIUITests;
				PRODUCT_NAME = "$(TARGET_NAME)";
				SWIFT_VERSION = 4.0;
				TARGETED_DEVICE_FAMILY = "1,2";
				TEST_TARGET_NAME = ARchitectureWithUI;
			};
			name = Debug;
		};
		6F23162C2104E6F400829EA5 /* Release */ = {
			isa = XCBuildConfiguration;
			buildSettings = {
				CODE_SIGN_STYLE = Automatic;
				DEVELOPMENT_TEAM = S334JNRP3F;
				INFOPLIST_FILE = ARchitectureWithUIUITests/Info.plist;
				LD_RUNPATH_SEARCH_PATHS = (
					"$(inherited)",
					"@executable_path/Frameworks",
					"@loader_path/Frameworks",
				);
				PRODUCT_BUNDLE_IDENTIFIER = com.lampham.ARchitectureWithUIUITests;
				PRODUCT_NAME = "$(TARGET_NAME)";
				SWIFT_VERSION = 4.0;
				TARGETED_DEVICE_FAMILY = "1,2";
				TEST_TARGET_NAME = ARchitectureWithUI;
			};
			name = Release;
		};
		92E87ADC20CEF1B900CBDF15 /* Debug */ = {
			isa = XCBuildConfiguration;
			buildSettings = {
				ALWAYS_SEARCH_USER_PATHS = NO;
				CLANG_ANALYZER_NONNULL = YES;
				CLANG_ANALYZER_NUMBER_OBJECT_CONVERSION = YES_AGGRESSIVE;
				CLANG_CXX_LANGUAGE_STANDARD = "gnu++14";
				CLANG_CXX_LIBRARY = "libc++";
				CLANG_ENABLE_MODULES = YES;
				CLANG_ENABLE_OBJC_ARC = YES;
				CLANG_ENABLE_OBJC_WEAK = YES;
				CLANG_WARN_BLOCK_CAPTURE_AUTORELEASING = YES;
				CLANG_WARN_BOOL_CONVERSION = YES;
				CLANG_WARN_COMMA = YES;
				CLANG_WARN_CONSTANT_CONVERSION = YES;
				CLANG_WARN_DEPRECATED_OBJC_IMPLEMENTATIONS = YES;
				CLANG_WARN_DIRECT_OBJC_ISA_USAGE = YES_ERROR;
				CLANG_WARN_DOCUMENTATION_COMMENTS = YES;
				CLANG_WARN_EMPTY_BODY = YES;
				CLANG_WARN_ENUM_CONVERSION = YES;
				CLANG_WARN_INFINITE_RECURSION = YES;
				CLANG_WARN_INT_CONVERSION = YES;
				CLANG_WARN_NON_LITERAL_NULL_CONVERSION = YES;
				CLANG_WARN_OBJC_IMPLICIT_RETAIN_SELF = YES;
				CLANG_WARN_OBJC_LITERAL_CONVERSION = YES;
				CLANG_WARN_OBJC_ROOT_CLASS = YES_ERROR;
				CLANG_WARN_RANGE_LOOP_ANALYSIS = YES;
				CLANG_WARN_STRICT_PROTOTYPES = YES;
				CLANG_WARN_SUSPICIOUS_MOVE = YES;
				CLANG_WARN_UNGUARDED_AVAILABILITY = YES_AGGRESSIVE;
				CLANG_WARN_UNREACHABLE_CODE = YES;
				CLANG_WARN__DUPLICATE_METHOD_MATCH = YES;
				CODE_SIGN_IDENTITY = "iPhone Developer";
				COPY_PHASE_STRIP = NO;
				DEBUG_INFORMATION_FORMAT = dwarf;
				ENABLE_STRICT_OBJC_MSGSEND = YES;
				ENABLE_TESTABILITY = YES;
				GCC_C_LANGUAGE_STANDARD = gnu11;
				GCC_DYNAMIC_NO_PIC = NO;
				GCC_NO_COMMON_BLOCKS = YES;
				GCC_OPTIMIZATION_LEVEL = 0;
				GCC_PREPROCESSOR_DEFINITIONS = (
					"DEBUG=1",
					"$(inherited)",
				);
				GCC_WARN_64_TO_32_BIT_CONVERSION = YES;
				GCC_WARN_ABOUT_RETURN_TYPE = YES_ERROR;
				GCC_WARN_UNDECLARED_SELECTOR = YES;
				GCC_WARN_UNINITIALIZED_AUTOS = YES_AGGRESSIVE;
				GCC_WARN_UNUSED_FUNCTION = YES;
				GCC_WARN_UNUSED_VARIABLE = YES;
				IPHONEOS_DEPLOYMENT_TARGET = 11.4;
				MTL_ENABLE_DEBUG_INFO = YES;
				ONLY_ACTIVE_ARCH = YES;
				SDKROOT = iphoneos;
				SWIFT_ACTIVE_COMPILATION_CONDITIONS = DEBUG;
				SWIFT_OPTIMIZATION_LEVEL = "-Onone";
			};
			name = Debug;
		};
		92E87ADD20CEF1B900CBDF15 /* Release */ = {
			isa = XCBuildConfiguration;
			buildSettings = {
				ALWAYS_SEARCH_USER_PATHS = NO;
				CLANG_ANALYZER_NONNULL = YES;
				CLANG_ANALYZER_NUMBER_OBJECT_CONVERSION = YES_AGGRESSIVE;
				CLANG_CXX_LANGUAGE_STANDARD = "gnu++14";
				CLANG_CXX_LIBRARY = "libc++";
				CLANG_ENABLE_MODULES = YES;
				CLANG_ENABLE_OBJC_ARC = YES;
				CLANG_ENABLE_OBJC_WEAK = YES;
				CLANG_WARN_BLOCK_CAPTURE_AUTORELEASING = YES;
				CLANG_WARN_BOOL_CONVERSION = YES;
				CLANG_WARN_COMMA = YES;
				CLANG_WARN_CONSTANT_CONVERSION = YES;
				CLANG_WARN_DEPRECATED_OBJC_IMPLEMENTATIONS = YES;
				CLANG_WARN_DIRECT_OBJC_ISA_USAGE = YES_ERROR;
				CLANG_WARN_DOCUMENTATION_COMMENTS = YES;
				CLANG_WARN_EMPTY_BODY = YES;
				CLANG_WARN_ENUM_CONVERSION = YES;
				CLANG_WARN_INFINITE_RECURSION = YES;
				CLANG_WARN_INT_CONVERSION = YES;
				CLANG_WARN_NON_LITERAL_NULL_CONVERSION = YES;
				CLANG_WARN_OBJC_IMPLICIT_RETAIN_SELF = YES;
				CLANG_WARN_OBJC_LITERAL_CONVERSION = YES;
				CLANG_WARN_OBJC_ROOT_CLASS = YES_ERROR;
				CLANG_WARN_RANGE_LOOP_ANALYSIS = YES;
				CLANG_WARN_STRICT_PROTOTYPES = YES;
				CLANG_WARN_SUSPICIOUS_MOVE = YES;
				CLANG_WARN_UNGUARDED_AVAILABILITY = YES_AGGRESSIVE;
				CLANG_WARN_UNREACHABLE_CODE = YES;
				CLANG_WARN__DUPLICATE_METHOD_MATCH = YES;
				CODE_SIGN_IDENTITY = "iPhone Developer";
				COPY_PHASE_STRIP = NO;
				DEBUG_INFORMATION_FORMAT = "dwarf-with-dsym";
				ENABLE_NS_ASSERTIONS = NO;
				ENABLE_STRICT_OBJC_MSGSEND = YES;
				GCC_C_LANGUAGE_STANDARD = gnu11;
				GCC_NO_COMMON_BLOCKS = YES;
				GCC_WARN_64_TO_32_BIT_CONVERSION = YES;
				GCC_WARN_ABOUT_RETURN_TYPE = YES_ERROR;
				GCC_WARN_UNDECLARED_SELECTOR = YES;
				GCC_WARN_UNINITIALIZED_AUTOS = YES_AGGRESSIVE;
				GCC_WARN_UNUSED_FUNCTION = YES;
				GCC_WARN_UNUSED_VARIABLE = YES;
				IPHONEOS_DEPLOYMENT_TARGET = 11.4;
				MTL_ENABLE_DEBUG_INFO = NO;
				SDKROOT = iphoneos;
				SWIFT_COMPILATION_MODE = wholemodule;
				SWIFT_OPTIMIZATION_LEVEL = "-O";
				VALIDATE_PRODUCT = YES;
			};
			name = Release;
		};
		92E87ADF20CEF1B900CBDF15 /* Debug */ = {
			isa = XCBuildConfiguration;
			buildSettings = {
				ASSETCATALOG_COMPILER_APPICON_NAME = AppIcon;
				CODE_SIGN_STYLE = Automatic;
				DEVELOPMENT_TEAM = S334JNRP3F;
				INFOPLIST_FILE = ARchitectureWithUI/Info.plist;
				IPHONEOS_DEPLOYMENT_TARGET = 11.3;
				LD_RUNPATH_SEARCH_PATHS = (
					"$(inherited)",
					"@executable_path/Frameworks",
				);
				PRODUCT_BUNDLE_IDENTIFIER = com.Lam.ARchitectureWithUI;
				PRODUCT_NAME = "$(TARGET_NAME)";
				SWIFT_VERSION = 4.0;
				TARGETED_DEVICE_FAMILY = "1,2";
			};
			name = Debug;
		};
		92E87AE020CEF1B900CBDF15 /* Release */ = {
			isa = XCBuildConfiguration;
			buildSettings = {
				ASSETCATALOG_COMPILER_APPICON_NAME = AppIcon;
				CODE_SIGN_STYLE = Automatic;
				DEVELOPMENT_TEAM = S334JNRP3F;
				INFOPLIST_FILE = ARchitectureWithUI/Info.plist;
				IPHONEOS_DEPLOYMENT_TARGET = 11.3;
				LD_RUNPATH_SEARCH_PATHS = (
					"$(inherited)",
					"@executable_path/Frameworks",
				);
				PRODUCT_BUNDLE_IDENTIFIER = com.Lam.ARchitectureWithUI;
				PRODUCT_NAME = "$(TARGET_NAME)";
				SWIFT_VERSION = 4.0;
				TARGETED_DEVICE_FAMILY = "1,2";
			};
			name = Release;
		};
/* End XCBuildConfiguration section */

/* Begin XCConfigurationList section */
		6F23161C2104E6E000829EA5 /* Build configuration list for PBXNativeTarget "ARchitectureWithUITests" */ = {
			isa = XCConfigurationList;
			buildConfigurations = (
				6F23161D2104E6E000829EA5 /* Debug */,
				6F23161E2104E6E000829EA5 /* Release */,
			);
			defaultConfigurationIsVisible = 0;
			defaultConfigurationName = Release;
		};
		6F23162A2104E6F400829EA5 /* Build configuration list for PBXNativeTarget "ARchitectureWithUIUITests" */ = {
			isa = XCConfigurationList;
			buildConfigurations = (
				6F23162B2104E6F400829EA5 /* Debug */,
				6F23162C2104E6F400829EA5 /* Release */,
			);
			defaultConfigurationIsVisible = 0;
			defaultConfigurationName = Release;
		};
		92E87AC720CEF1B800CBDF15 /* Build configuration list for PBXProject "ARchitectureWithUI" */ = {
			isa = XCConfigurationList;
			buildConfigurations = (
				92E87ADC20CEF1B900CBDF15 /* Debug */,
				92E87ADD20CEF1B900CBDF15 /* Release */,
			);
			defaultConfigurationIsVisible = 0;
			defaultConfigurationName = Release;
		};
		92E87ADE20CEF1B900CBDF15 /* Build configuration list for PBXNativeTarget "ARchitectureWithUI" */ = {
			isa = XCConfigurationList;
			buildConfigurations = (
				92E87ADF20CEF1B900CBDF15 /* Debug */,
				92E87AE020CEF1B900CBDF15 /* Release */,
			);
			defaultConfigurationIsVisible = 0;
			defaultConfigurationName = Release;
		};
/* End XCConfigurationList section */
	};
	rootObject = 92E87AC420CEF1B800CBDF15 /* Project object */;
}
